
Microsoft Visual Studio Solution File, Format Version 12.00
# Visual Studio Version 16
VisualStudioVersion = 16.0.32901.82
MinimumVisualStudioVersion = 10.0.40219.1
Project("{FAE04EC0-301F-11D3-BF4B-00C04F79EFBC}") = "CrittersWeb", "CrittersWeb\CrittersWeb.csproj", "{FCE32761-D0CD-466F-AF1C-5DE59C37B805}"
EndProject
Global
	GlobalSection(SolutionConfigurationPlatforms) = preSolution
		Debug|Any CPU = Debug|Any CPU
		Release|Any CPU = Release|Any CPU
	EndGlobalSection
	GlobalSection(ProjectConfigurationPlatforms) = postSolution
		{FCE32761-D0CD-466F-AF1C-5DE59C37B805}.Debug|Any CPU.ActiveCfg = Debug|Any CPU
		{FCE32761-D0CD-466F-AF1C-5DE59C37B805}.Debug|Any CPU.Build.0 = Debug|Any CPU
		{FCE32761-D0CD-466F-AF1C-5DE59C37B805}.Release|Any CPU.ActiveCfg = Release|Any CPU
		{FCE32761-D0CD-466F-AF1C-5DE59C37B805}.Release|Any CPU.Build.0 = Release|Any CPU
	EndGlobalSection
	GlobalSection(SolutionProperties) = preSolution
		HideSolutionNode = FALSE
	EndGlobalSection
	GlobalSection(ExtensibilityGlobals) = postSolution
		SolutionGuid = {89C8287E-2A84-4E90-88F4-904F334632DF}
	EndGlobalSection
EndGlobal
